
Microsoft Visual Studio Solution File, Format Version 12.00
Project("{FAE04EC0-301F-11D3-BF4B-00C04F79EFBC}") = "TrakingLibrary.API", "TrakingLibrary.API\TrakingLibrary.API.csproj", "{CA3682F4-E105-41CB-A49B-11EA58AE16D6}"
EndProject
Global
	GlobalSection(SolutionConfigurationPlatforms) = preSolution
		Debug|Any CPU = Debug|Any CPU
		Release|Any CPU = Release|Any CPU
	EndGlobalSection
	GlobalSection(ProjectConfigurationPlatforms) = postSolution
		{CA3682F4-E105-41CB-A49B-11EA58AE16D6}.Debug|Any CPU.ActiveCfg = Debug|Any CPU
		{CA3682F4-E105-41CB-A49B-11EA58AE16D6}.Debug|Any CPU.Build.0 = Debug|Any CPU
		{CA3682F4-E105-41CB-A49B-11EA58AE16D6}.Release|Any CPU.ActiveCfg = Release|Any CPU
		{CA3682F4-E105-41CB-A49B-11EA58AE16D6}.Release|Any CPU.Build.0 = Release|Any CPU
	EndGlobalSection
EndGlobal
